
Microsoft Visual Studio Solution File, Format Version 12.00
# Visual Studio Version 17
VisualStudioVersion = 17.11.35327.3
MinimumVisualStudioVersion = 10.0.40219.1
Project("{2150E333-8FDC-42A3-9474-1A3956D46DE8}") = "Services", "Services", "{14566C07-308B-45D3-8FC4-742EC235C82A}"
EndProject
Project("{2150E333-8FDC-42A3-9474-1A3956D46DE8}") = "Catalog", "Catalog", "{84959879-FDA1-49BF-8E6F-950B6ABEBC18}"
EndProject
Project("{9A19103F-16F7-4668-BE54-9A1E7A4F7556}") = "Catalog.API", "Services\Catalog\Catalog.API\Catalog.API.csproj", "{C01701D5-A396-4CB3-B54A-141C58E19D25}"
EndProject
Project("{2150E333-8FDC-42A3-9474-1A3956D46DE8}") = "BuildingBlocks", "BuildingBlocks", "{F0B3F549-DCE0-45A5-BC0B-2B397230D61B}"
EndProject
Project("{9A19103F-16F7-4668-BE54-9A1E7A4F7556}") = "BuildingBlocks", "BuildingBlocks\BuildingBlocks\BuildingBlocks.csproj", "{18117582-4E89-42FA-A5AC-AE4E4E308BE4}"
EndProject
Project("{E53339B2-1760-4266-BCC7-CA923CBCF16C}") = "docker-compose", "docker-compose.dcproj", "{8C491C76-B274-4714-B038-385363B6BBC9}"
EndProject
Project("{2150E333-8FDC-42A3-9474-1A3956D46DE8}") = "Basket", "Basket", "{147EE47A-9AA8-47D5-BEE8-EDC50881FC04}"
EndProject
Project("{9A19103F-16F7-4668-BE54-9A1E7A4F7556}") = "Basket.API", "Services\Basket\Basket.API\Basket.API.csproj", "{C37238D1-8417-4B4C-B7C6-305785C296FC}"
EndProject
Project("{2150E333-8FDC-42A3-9474-1A3956D46DE8}") = "Discount", "Discount", "{3743992E-3656-4490-A84D-99FB2674D1CD}"
EndProject
Project("{9A19103F-16F7-4668-BE54-9A1E7A4F7556}") = "Discount.Grpc", "Services\Discount\Discount.Grpc\Discount.Grpc.csproj", "{36C48237-35D7-4FF1-A8B6-A51D044C9D8E}"
EndProject
Project("{2150E333-8FDC-42A3-9474-1A3956D46DE8}") = "Ordering", "Ordering", "{84E71980-5EE0-4E51-99B2-E6CEA66D0E8A}"
EndProject
Project("{FAE04EC0-301F-11D3-BF4B-00C04F79EFBC}") = "Ordering.API", "Services\Ordering\Ordering.API\Ordering.API.csproj", "{2B26EB51-B72C-4EFC-BE49-34F2B84E03CC}"
EndProject
Project("{FAE04EC0-301F-11D3-BF4B-00C04F79EFBC}") = "Ordering.Domain", "Services\Ordering\Ordering.Domain\Ordering.Domain.csproj", "{78283542-7D3B-436C-A669-FF986927CB87}"
EndProject
Project("{FAE04EC0-301F-11D3-BF4B-00C04F79EFBC}") = "Ordering.Application", "Services\Ordering\Ordering.Application\Ordering.Application.csproj", "{FA6819EC-EC23-4AE8-B14C-86F475B21B5B}"
EndProject
Project("{FAE04EC0-301F-11D3-BF4B-00C04F79EFBC}") = "Ordering.Infrastructure", "Services\Ordering\Ordering.Infrastructure\Ordering.Infrastructure.csproj", "{DC010385-4005-475C-A53A-893A5837E9C5}"
EndProject
Global
	GlobalSection(SolutionConfigurationPlatforms) = preSolution
		Debug|Any CPU = Debug|Any CPU
		Release|Any CPU = Release|Any CPU
	EndGlobalSection
	GlobalSection(ProjectConfigurationPlatforms) = postSolution
		{C01701D5-A396-4CB3-B54A-141C58E19D25}.Debug|Any CPU.ActiveCfg = Debug|Any CPU
		{C01701D5-A396-4CB3-B54A-141C58E19D25}.Debug|Any CPU.Build.0 = Debug|Any CPU
		{C01701D5-A396-4CB3-B54A-141C58E19D25}.Release|Any CPU.ActiveCfg = Release|Any CPU
		{C01701D5-A396-4CB3-B54A-141C58E19D25}.Release|Any CPU.Build.0 = Release|Any CPU
		{18117582-4E89-42FA-A5AC-AE4E4E308BE4}.Debug|Any CPU.ActiveCfg = Debug|Any CPU
		{18117582-4E89-42FA-A5AC-AE4E4E308BE4}.Debug|Any CPU.Build.0 = Debug|Any CPU
		{18117582-4E89-42FA-A5AC-AE4E4E308BE4}.Release|Any CPU.ActiveCfg = Release|Any CPU
		{18117582-4E89-42FA-A5AC-AE4E4E308BE4}.Release|Any CPU.Build.0 = Release|Any CPU
		{8C491C76-B274-4714-B038-385363B6BBC9}.Debug|Any CPU.ActiveCfg = Debug|Any CPU
		{8C491C76-B274-4714-B038-385363B6BBC9}.Debug|Any CPU.Build.0 = Debug|Any CPU
		{8C491C76-B274-4714-B038-385363B6BBC9}.Release|Any CPU.ActiveCfg = Release|Any CPU
		{8C491C76-B274-4714-B038-385363B6BBC9}.Release|Any CPU.Build.0 = Release|Any CPU
		{C37238D1-8417-4B4C-B7C6-305785C296FC}.Debug|Any CPU.ActiveCfg = Debug|Any CPU
		{C37238D1-8417-4B4C-B7C6-305785C296FC}.Debug|Any CPU.Build.0 = Debug|Any CPU
		{C37238D1-8417-4B4C-B7C6-305785C296FC}.Release|Any CPU.ActiveCfg = Release|Any CPU
		{C37238D1-8417-4B4C-B7C6-305785C296FC}.Release|Any CPU.Build.0 = Release|Any CPU
		{36C48237-35D7-4FF1-A8B6-A51D044C9D8E}.Debug|Any CPU.ActiveCfg = Debug|Any CPU
		{36C48237-35D7-4FF1-A8B6-A51D044C9D8E}.Debug|Any CPU.Build.0 = Debug|Any CPU
		{36C48237-35D7-4FF1-A8B6-A51D044C9D8E}.Release|Any CPU.ActiveCfg = Release|Any CPU
		{36C48237-35D7-4FF1-A8B6-A51D044C9D8E}.Release|Any CPU.Build.0 = Release|Any CPU
		{2B26EB51-B72C-4EFC-BE49-34F2B84E03CC}.Debug|Any CPU.ActiveCfg = Debug|Any CPU
		{2B26EB51-B72C-4EFC-BE49-34F2B84E03CC}.Debug|Any CPU.Build.0 = Debug|Any CPU
		{2B26EB51-B72C-4EFC-BE49-34F2B84E03CC}.Release|Any CPU.ActiveCfg = Release|Any CPU
		{2B26EB51-B72C-4EFC-BE49-34F2B84E03CC}.Release|Any CPU.Build.0 = Release|Any CPU
		{78283542-7D3B-436C-A669-FF986927CB87}.Debug|Any CPU.ActiveCfg = Debug|Any CPU
		{78283542-7D3B-436C-A669-FF986927CB87}.Debug|Any CPU.Build.0 = Debug|Any CPU
		{78283542-7D3B-436C-A669-FF986927CB87}.Release|Any CPU.ActiveCfg = Release|Any CPU
		{78283542-7D3B-436C-A669-FF986927CB87}.Release|Any CPU.Build.0 = Release|Any CPU
		{FA6819EC-EC23-4AE8-B14C-86F475B21B5B}.Debug|Any CPU.ActiveCfg = Debug|Any CPU
		{FA6819EC-EC23-4AE8-B14C-86F475B21B5B}.Debug|Any CPU.Build.0 = Debug|Any CPU
		{FA6819EC-EC23-4AE8-B14C-86F475B21B5B}.Release|Any CPU.ActiveCfg = Release|Any CPU
		{FA6819EC-EC23-4AE8-B14C-86F475B21B5B}.Release|Any CPU.Build.0 = Release|Any CPU
		{DC010385-4005-475C-A53A-893A5837E9C5}.Debug|Any CPU.ActiveCfg = Debug|Any CPU
		{DC010385-4005-475C-A53A-893A5837E9C5}.Debug|Any CPU.Build.0 = Debug|Any CPU
		{DC010385-4005-475C-A53A-893A5837E9C5}.Release|Any CPU.ActiveCfg = Release|Any CPU
		{DC010385-4005-475C-A53A-893A5837E9C5}.Release|Any CPU.Build.0 = Release|Any CPU
	EndGlobalSection
	GlobalSection(SolutionProperties) = preSolution
		HideSolutionNode = FALSE
	EndGlobalSection
	GlobalSection(NestedProjects) = preSolution
		{84959879-FDA1-49BF-8E6F-950B6ABEBC18} = {14566C07-308B-45D3-8FC4-742EC235C82A}
		{C01701D5-A396-4CB3-B54A-141C58E19D25} = {84959879-FDA1-49BF-8E6F-950B6ABEBC18}
		{18117582-4E89-42FA-A5AC-AE4E4E308BE4} = {F0B3F549-DCE0-45A5-BC0B-2B397230D61B}
		{147EE47A-9AA8-47D5-BEE8-EDC50881FC04} = {14566C07-308B-45D3-8FC4-742EC235C82A}
		{C37238D1-8417-4B4C-B7C6-305785C296FC} = {147EE47A-9AA8-47D5-BEE8-EDC50881FC04}
		{3743992E-3656-4490-A84D-99FB2674D1CD} = {14566C07-308B-45D3-8FC4-742EC235C82A}
		{36C48237-35D7-4FF1-A8B6-A51D044C9D8E} = {3743992E-3656-4490-A84D-99FB2674D1CD}
		{84E71980-5EE0-4E51-99B2-E6CEA66D0E8A} = {14566C07-308B-45D3-8FC4-742EC235C82A}
		{2B26EB51-B72C-4EFC-BE49-34F2B84E03CC} = {84E71980-5EE0-4E51-99B2-E6CEA66D0E8A}
		{78283542-7D3B-436C-A669-FF986927CB87} = {84E71980-5EE0-4E51-99B2-E6CEA66D0E8A}
		{FA6819EC-EC23-4AE8-B14C-86F475B21B5B} = {84E71980-5EE0-4E51-99B2-E6CEA66D0E8A}
		{DC010385-4005-475C-A53A-893A5837E9C5} = {84E71980-5EE0-4E51-99B2-E6CEA66D0E8A}
	EndGlobalSection
	GlobalSection(ExtensibilityGlobals) = postSolution
		SolutionGuid = {5707D353-AC2B-4A91-AB22-159FF0F53689}
	EndGlobalSection
EndGlobal
